{
  "name": "fetchly-sharedos",
  "version": "0.1.0",
  "lockfileVersion": 3,
  "requires": true,
  "packages": {
    "": {
      "name": "fetchly-sharedos",
      "version": "0.1.0",
      "dependencies": {
        "@aicoo/sharedos": "1.0.0-preview",
        "@aicoo/sharedos-mcp": "1.0.0-preview"
      }
    },
    "node_modules/@aicoo/sharedos": {
      "version": "1.0.0-preview",
      "resolved": "https://registry.npmjs.org/@aicoo/sharedos/-/sharedos-1.0.0-preview.tgz",
      "integrity": "sha512-heLl6HjdQ8imFWDtfIgmQj5CL9AnIvB94ZLUHAuaXCRALg9pWTa7EiO6tg51uAE8aaqtrwtrd5QcEA08fRhzmg==",
      "license": "Apache-2.0",
      "dependencies": {
        "@aicoo/sharedos-client": "1.0.0-preview",
        "@aicoo/sharedos-contracts": "1.0.0-preview",
        "@aicoo/sharedos-core": "1.0.0-preview",
        "@aicoo/sharedos-http": "1.0.0-preview",
        "@aicoo/sharedos-os": "1.0.0-preview",
        "@aicoo/sharedos-runtime": "1.0.0-preview"
      },
      "engines": {
        "node": ">=20.11"
      }
    },
    "node_modules/@aicoo/sharedos-client": {
      "version": "1.0.0-preview",
      "resolved": "https://registry.npmjs.org/@aicoo/sharedos-client/-/sharedos-client-1.0.0-preview.tgz",
      "integrity": "sha512-ROxgeFkcq36T1bv3NeBbclpt397jIDbCxEL3ue++R5ENPpIpJ8w09AnISb4rXNPeOHuCNFH9fMjxujrU1RGRpg==",
      "license": "Apache-2.0",
      "dependencies": {
        "@aicoo/sharedos-contracts": "1.0.0-preview"
      },
      "engines": {
        "node": ">=20.11"
      }
    },
    "node_modules/@aicoo/sharedos-contracts": {
      "version": "1.0.0-preview",
      "resolved": "https://registry.npmjs.org/@aicoo/sharedos-contracts/-/sharedos-contracts-1.0.0-preview.tgz",
      "integrity": "sha512-30ib2ED1SZV6X1yVM2ZnK4g/6YJk0HPbKjHLt3KsNKNFWXt+JXq7qqhsidnmnLRjhQK7uWwl1Tzsrcd6pdCpdA==",
      "license": "Apache-2.0",
      "dependencies": {
        "zod": "^3.24.1"
      },
      "engines": {
        "node": ">=20.11"
      }
    },
    "node_modules/@aicoo/sharedos-core": {
      "version": "1.0.0-preview",
      "resolved": "https://registry.npmjs.org/@aicoo/sharedos-core/-/sharedos-core-1.0.0-preview.tgz",
      "integrity": "sha512-GNLiAcPY8ZRSw2os2x1dp2Ujgnua43s0SeuwQTO7hN/TLqyr3wNB3yT+yCS9DcL/3BGPwgYylqnvyrvJzoItZw==",
      "license": "Apache-2.0",
      "dependencies": {
        "@aicoo/sharedos-contracts": "1.0.0-preview"
      },
      "engines": {
        "node": ">=20.11"
      }
    },
    "node_modules/@aicoo/sharedos-http": {
      "version": "1.0.0-preview",
      "resolved": "https://registry.npmjs.org/@aicoo/sharedos-http/-/sharedos-http-1.0.0-preview.tgz",
      "integrity": "sha512-R9y4C8g6MLyd3nteESToRh6ay+yXZ4Oj6NoTo4hrQMIo4DpA+HVtRpaAEeiEaOvkae3y8uMQQRlOPi6uZ+ONtw==",
      "license": "Apache-2.0",
      "dependencies": {
        "@aicoo/sharedos-contracts": "1.0.0-preview",
        "@aicoo/sharedos-core": "1.0.0-preview",
        "@aicoo/sharedos-runtime": "1.0.0-preview"
      },
      "engines": {
        "node": ">=20.11"
      }
    },
    "node_modules/@aicoo/sharedos-mcp": {
      "version": "1.0.0-preview",
      "resolved": "https://registry.npmjs.org/@aicoo/sharedos-mcp/-/sharedos-mcp-1.0.0-preview.tgz",
      "integrity": "sha512-JQwQQTzVgO5dhyntlvNkFvGVrZMnmJA89Zo6ACTBW3aixqngKUHrBonTyAP3K4jLfqVpxTX+GlrQfQPGYQ9Qzg==",
      "license": "Apache-2.0",
      "dependencies": {
        "@aicoo/sharedos-contracts": "1.0.0-preview",
        "@aicoo/sharedos-core": "1.0.0-preview",
        "zod": "^3.24.1"
      },
      "engines": {
        "node": ">=20.11"
      }
    },
    "node_modules/@aicoo/sharedos-os": {
      "version": "1.0.0-preview",
      "resolved": "https://registry.npmjs.org/@aicoo/sharedos-os/-/sharedos-os-1.0.0-preview.tgz",
      "integrity": "sha512-Unnj7o+6Qe4nJVBSvjrJZJUz4GlBT+Heek6MhgEuUX4TrLoqgoNAdpdu1DQOndw3MAzy+1f3ARNIsUS/hiM0Hw==",
      "license": "Apache-2.0",
      "dependencies": {
        "@aicoo/sharedos-contracts": "1.0.0-preview",
        "@aicoo/sharedos-core": "1.0.0-preview",
        "zod": "^3.24.1"
      },
      "engines": {
        "node": ">=20.11"
      }
    },
    "node_modules/@aicoo/sharedos-runtime": {
      "version": "1.0.0-preview",
      "resolved": "https://registry.npmjs.org/@aicoo/sharedos-runtime/-/sharedos-runtime-1.0.0-preview.tgz",
      "integrity": "sha512-DxOfut0Y4Pii59vsTOi7POC34LJApl/TTOa6MOf7RdNsAD6ivUQV4+rzTaP8X5U/rNK0hbI2K+yqmioVPdThKg==",
      "license": "Apache-2.0",
      "dependencies": {
        "@aicoo/sharedos-contracts": "1.0.0-preview",
        "@aicoo/sharedos-core": "1.0.0-preview"
      },
      "engines": {
        "node": ">=20.11"
      }
    },
    "node_modules/zod": {
      "version": "3.25.76",
      "resolved": "https://registry.npmjs.org/zod/-/zod-3.25.76.tgz",
      "integrity": "sha512-gzUt/qt81nXsFGKIFcC3YnfEAx5NkunCfnDlvuBSSFS02bcXu4Lmea0AFIUwbLWxWPx3d9p8S5QoaujKcNQxcQ==",
      "license": "MIT",
      "funding": {
        "url": "https://github.com/sponsors/colinhacks"
      }
    }
  }
}
